
Microsoft Visual Studio Solution File, Format Version 12.00
# Visual Studio Version 17
VisualStudioVersion = 17.5.002.0
MinimumVisualStudioVersion = 10.0.40219.1
Project("{9A19103F-16F7-4668-BE54-9A1E7A4F7556}") = "SocialConnectAPI", "SocialConnectAPI.csproj", "{76601818-5133-4A8B-8D5A-CCA64664EA2D}"
EndProject
Global
	GlobalSection(SolutionConfigurationPlatforms) = preSolution
		Debug|Any CPU = Debug|Any CPU
		Release|Any CPU = Release|Any CPU
	EndGlobalSection
	GlobalSection(ProjectConfigurationPlatforms) = postSolution
		{76601818-5133-4A8B-8D5A-CCA64664EA2D}.Debug|Any CPU.ActiveCfg = Debug|Any CPU
		{76601818-5133-4A8B-8D5A-CCA64664EA2D}.Debug|Any CPU.Build.0 = Debug|Any CPU
		{76601818-5133-4A8B-8D5A-CCA64664EA2D}.Release|Any CPU.ActiveCfg = Release|Any CPU
		{76601818-5133-4A8B-8D5A-CCA64664EA2D}.Release|Any CPU.Build.0 = Release|Any CPU
	EndGlobalSection
	GlobalSection(SolutionProperties) = preSolution
		HideSolutionNode = FALSE
	EndGlobalSection
	GlobalSection(ExtensibilityGlobals) = postSolution
		SolutionGuid = {87247CF2-8B40-4BB7-B596-587C8EACE420}
	EndGlobalSection
EndGlobal
